// !$*UTF8*$!
{
	archiveVersion = 1;
	classes = {
	};
	objectVersion = 55;
	objects = {

/* Begin PBXBuildFile section */
		D4363A0F28C884B60024C2E2 /* AccountView.swift in Sources */ = {isa = PBXBuildFile; fileRef = D4363A0E28C884B60024C2E2 /* AccountView.swift */; };
		D4363A1128CDE61A0024C2E2 /* HexagonView.swift in Sources */ = {isa = PBXBuildFile; fileRef = D4363A1028CDE61A0024C2E2 /* HexagonView.swift */; };
		D4363A1328CDF8B60024C2E2 /* BlobView.swift in Sources */ = {isa = PBXBuildFile; fileRef = D4363A1228CDF8B60024C2E2 /* BlobView.swift */; };
		D4363A1528CE0A180024C2E2 /* TabBar.swift in Sources */ = {isa = PBXBuildFile; fileRef = D4363A1428CE0A180024C2E2 /* TabBar.swift */; };
		D4363A1728CE1A050024C2E2 /* Tab.swift in Sources */ = {isa = PBXBuildFile; fileRef = D4363A1628CE1A050024C2E2 /* Tab.swift */; };
		D451637228C85D3E005CC12B /* Styles.swift in Sources */ = {isa = PBXBuildFile; fileRef = D451637128C85D3E005CC12B /* Styles.swift */; };
		D47BB87028D3510B00AED053 /* HomeView.swift in Sources */ = {isa = PBXBuildFile; fileRef = D47BB86F28D3510B00AED053 /* HomeView.swift */; };
		D4F4818028D35A4300A47DA3 /* FeaturedItem.swift in Sources */ = {isa = PBXBuildFile; fileRef = D4F4817F28D35A4200A47DA3 /* FeaturedItem.swift */; };
		D4F4818228D35BD100A47DA3 /* NavigationBar.swift in Sources */ = {isa = PBXBuildFile; fileRef = D4F4818128D35BD100A47DA3 /* NavigationBar.swift */; };
		D4F4818428D361A900A47DA3 /* PreferenceKeys.swift in Sources */ = {isa = PBXBuildFile; fileRef = D4F4818328D361A900A47DA3 /* PreferenceKeys.swift */; };
		D4F4818628D3675B00A47DA3 /* AnimatableFontModifier.swift in Sources */ = {isa = PBXBuildFile; fileRef = D4F4818528D3675B00A47DA3 /* AnimatableFontModifier.swift */; };
		D4F4818828D4647100A47DA3 /* Course.swift in Sources */ = {isa = PBXBuildFile; fileRef = D4F4818728D4647100A47DA3 /* Course.swift */; };
		D4FEFA2F28C4D7F3007FE79C /* FlcMapApp.swift in Sources */ = {isa = PBXBuildFile; fileRef = D4FEFA2E28C4D7F3007FE79C /* FlcMapApp.swift */; };
		D4FEFA3128C4D7F3007FE79C /* ContentView.swift in Sources */ = {isa = PBXBuildFile; fileRef = D4FEFA3028C4D7F3007FE79C /* ContentView.swift */; };
		D4FEFA3328C4D7F4007FE79C /* Assets.xcassets in Resources */ = {isa = PBXBuildFile; fileRef = D4FEFA3228C4D7F4007FE79C /* Assets.xcassets */; };
		D4FEFA3628C4D7F4007FE79C /* Preview Assets.xcassets in Resources */ = {isa = PBXBuildFile; fileRef = D4FEFA3528C4D7F4007FE79C /* Preview Assets.xcassets */; };
/* End PBXBuildFile section */

/* Begin PBXFileReference section */
		D4363A0E28C884B60024C2E2 /* AccountView.swift */ = {isa = PBXFileReference; lastKnownFileType = sourcecode.swift; path = AccountView.swift; sourceTree = "<group>"; };
		D4363A1028CDE61A0024C2E2 /* HexagonView.swift */ = {isa = PBXFileReference; lastKnownFileType = sourcecode.swift; path = HexagonView.swift; sourceTree = "<group>"; };
		D4363A1228CDF8B60024C2E2 /* BlobView.swift */ = {isa = PBXFileReference; lastKnownFileType = sourcecode.swift; path = BlobView.swift; sourceTree = "<group>"; };
		D4363A1428CE0A180024C2E2 /* TabBar.swift */ = {isa = PBXFileReference; lastKnownFileType = sourcecode.swift; path = TabBar.swift; sourceTree = "<group>"; };
		D4363A1628CE1A050024C2E2 /* Tab.swift */ = {isa = PBXFileReference; lastKnownFileType = sourcecode.swift; path = Tab.swift; sourceTree = "<group>"; };
		D451637128C85D3E005CC12B /* Styles.swift */ = {isa = PBXFileReference; lastKnownFileType = sourcecode.swift; path = Styles.swift; sourceTree = "<group>"; };
		D47BB86F28D3510B00AED053 /* HomeView.swift */ = {isa = PBXFileReference; lastKnownFileType = sourcecode.swift; path = HomeView.swift; sourceTree = "<group>"; };
		D4F4817F28D35A4200A47DA3 /* FeaturedItem.swift */ = {isa = PBXFileReference; lastKnownFileType = sourcecode.swift; path = FeaturedItem.swift; sourceTree = "<group>"; };
		D4F4818128D35BD100A47DA3 /* NavigationBar.swift */ = {isa = PBXFileReference; lastKnownFileType = sourcecode.swift; path = NavigationBar.swift; sourceTree = "<group>"; };
		D4F4818328D361A900A47DA3 /* PreferenceKeys.swift */ = {isa = PBXFileReference; lastKnownFileType = sourcecode.swift; path = PreferenceKeys.swift; sourceTree = "<group>"; };
		D4F4818528D3675B00A47DA3 /* AnimatableFontModifier.swift */ = {isa = PBXFileReference; lastKnownFileType = sourcecode.swift; path = AnimatableFontModifier.swift; sourceTree = "<group>"; };
		D4F4818728D4647100A47DA3 /* Course.swift */ = {isa = PBXFileReference; lastKnownFileType = sourcecode.swift; path = Course.swift; sourceTree = "<group>"; };
		D4FEFA2B28C4D7F3007FE79C /* FlcMap.app */ = {isa = PBXFileReference; explicitFileType = wrapper.application; includeInIndex = 0; path = FlcMap.app; sourceTree = BUILT_PRODUCTS_DIR; };
		D4FEFA2E28C4D7F3007FE79C /* FlcMapApp.swift */ = {isa = PBXFileReference; lastKnownFileType = sourcecode.swift; path = FlcMapApp.swift; sourceTree = "<group>"; };
		D4FEFA3028C4D7F3007FE79C /* ContentView.swift */ = {isa = PBXFileReference; lastKnownFileType = sourcecode.swift; path = ContentView.swift; sourceTree = "<group>"; };
		D4FEFA3228C4D7F4007FE79C /* Assets.xcassets */ = {isa = PBXFileReference; lastKnownFileType = folder.assetcatalog; path = Assets.xcassets; sourceTree = "<group>"; };
		D4FEFA3528C4D7F4007FE79C /* Preview Assets.xcassets */ = {isa = PBXFileReference; lastKnownFileType = folder.assetcatalog; path = "Preview Assets.xcassets"; sourceTree = "<group>"; };
/* End PBXFileReference section */

/* Begin PBXFrameworksBuildPhase section */
		D4FEFA2828C4D7F3007FE79C /* Frameworks */ = {
			isa = PBXFrameworksBuildPhase;
			buildActionMask = 2147483647;
			files = (
			);
			runOnlyForDeploymentPostprocessing = 0;
		};
/* End PBXFrameworksBuildPhase section */

/* Begin PBXGroup section */
		D4F4817A28D357AE00A47DA3 /* Navigation */ = {
			isa = PBXGroup;
			children = (
				D4363A1428CE0A180024C2E2 /* TabBar.swift */,
				D4FEFA3028C4D7F3007FE79C /* ContentView.swift */,
				D4F4818128D35BD100A47DA3 /* NavigationBar.swift */,
			);
			path = Navigation;
			sourceTree = "<group>";
		};
		D4F4817B28D357D000A47DA3 /* Views */ = {
			isa = PBXGroup;
			children = (
				D4363A0E28C884B60024C2E2 /* AccountView.swift */,
				D47BB86F28D3510B00AED053 /* HomeView.swift */,
			);
			path = Views;
			sourceTree = "<group>";
		};
		D4F4817C28D357EA00A47DA3 /* Components */ = {
			isa = PBXGroup;
			children = (
				D4363A1228CDF8B60024C2E2 /* BlobView.swift */,
				D4363A1028CDE61A0024C2E2 /* HexagonView.swift */,
				D4F4817F28D35A4200A47DA3 /* FeaturedItem.swift */,
			);
			path = Components;
			sourceTree = "<group>";
		};
		D4F4817D28D3580600A47DA3 /* Model */ = {
			isa = PBXGroup;
			children = (
				D4363A1628CE1A050024C2E2 /* Tab.swift */,
				D4F4818328D361A900A47DA3 /* PreferenceKeys.swift */,
				D4F4818728D4647100A47DA3 /* Course.swift */,
			);
			path = Model;
			sourceTree = "<group>";
		};
		D4F4817E28D3582900A47DA3 /* Styles */ = {
			isa = PBXGroup;
			children = (
				D451637128C85D3E005CC12B /* Styles.swift */,
				D4F4818528D3675B00A47DA3 /* AnimatableFontModifier.swift */,
			);
			path = Styles;
			sourceTree = "<group>";
		};
		D4FEFA2228C4D7F3007FE79C = {
			isa = PBXGroup;
			children = (
				D4FEFA2D28C4D7F3007FE79C /* FlcMap */,
				D4FEFA2C28C4D7F3007FE79C /* Products */,
			);
			sourceTree = "<group>";
		};
		D4FEFA2C28C4D7F3007FE79C /* Products */ = {
			isa = PBXGroup;
			children = (
				D4FEFA2B28C4D7F3007FE79C /* FlcMap.app */,
			);
			name = Products;
			sourceTree = "<group>";
		};
		D4FEFA2D28C4D7F3007FE79C /* FlcMap */ = {
			isa = PBXGroup;
			children = (
				D4FEFA2E28C4D7F3007FE79C /* FlcMapApp.swift */,
				D4F4817A28D357AE00A47DA3 /* Navigation */,
				D4F4817C28D357EA00A47DA3 /* Components */,
				D4F4817B28D357D000A47DA3 /* Views */,
				D4F4817D28D3580600A47DA3 /* Model */,
				D4F4817E28D3582900A47DA3 /* Styles */,
				D4FEFA3228C4D7F4007FE79C /* Assets.xcassets */,
				D4FEFA3428C4D7F4007FE79C /* Preview Content */,
			);
			path = FlcMap;
			sourceTree = "<group>";
		};
		D4FEFA3428C4D7F4007FE79C /* Preview Content */ = {
			isa = PBXGroup;
			children = (
				D4FEFA3528C4D7F4007FE79C /* Preview Assets.xcassets */,
			);
			path = "Preview Content";
			sourceTree = "<group>";
		};
/* End PBXGroup section */

/* Begin PBXNativeTarget section */
		D4FEFA2A28C4D7F3007FE79C /* FlcMap */ = {
			isa = PBXNativeTarget;
			buildConfigurationList = D4FEFA3928C4D7F4007FE79C /* Build configuration list for PBXNativeTarget "FlcMap" */;
			buildPhases = (
				D4FEFA2728C4D7F3007FE79C /* Sources */,
				D4FEFA2828C4D7F3007FE79C /* Frameworks */,
				D4FEFA2928C4D7F3007FE79C /* Resources */,
			);
			buildRules = (
			);
			dependencies = (
			);
			name = FlcMap;
			productName = FlcMap;
			productReference = D4FEFA2B28C4D7F3007FE79C /* FlcMap.app */;
			productType = "com.apple.product-type.application";
		};
/* End PBXNativeTarget section */

/* Begin PBXProject section */
		D4FEFA2328C4D7F3007FE79C /* Project object */ = {
			isa = PBXProject;
			attributes = {
				BuildIndependentTargetsInParallel = 1;
				LastSwiftUpdateCheck = 1340;
				LastUpgradeCheck = 1340;
				TargetAttributes = {
					D4FEFA2A28C4D7F3007FE79C = {
						CreatedOnToolsVersion = 13.4.1;
					};
				};
			};
			buildConfigurationList = D4FEFA2628C4D7F3007FE79C /* Build configuration list for PBXProject "FlcMap" */;
			compatibilityVersion = "Xcode 13.0";
			developmentRegion = en;
			hasScannedForEncodings = 0;
			knownRegions = (
				en,
				Base,
			);
			mainGroup = D4FEFA2228C4D7F3007FE79C;
			productRefGroup = D4FEFA2C28C4D7F3007FE79C /* Products */;
			projectDirPath = "";
			projectRoot = "";
			targets = (
				D4FEFA2A28C4D7F3007FE79C /* FlcMap */,
			);
		};
/* End PBXProject section */

/* Begin PBXResourcesBuildPhase section */
		D4FEFA2928C4D7F3007FE79C /* Resources */ = {
			isa = PBXResourcesBuildPhase;
			buildActionMask = 2147483647;
			files = (
				D4FEFA3628C4D7F4007FE79C /* Preview Assets.xcassets in Resources */,
				D4FEFA3328C4D7F4007FE79C /* Assets.xcassets in Resources */,
			);
			runOnlyForDeploymentPostprocessing = 0;
		};
/* End PBXResourcesBuildPhase section */

/* Begin PBXSourcesBuildPhase section */
		D4FEFA2728C4D7F3007FE79C /* Sources */ = {
			isa = PBXSourcesBuildPhase;
			buildActionMask = 2147483647;
			files = (
				D47BB87028D3510B00AED053 /* HomeView.swift in Sources */,
				D4363A0F28C884B60024C2E2 /* AccountView.swift in Sources */,
				D4363A1128CDE61A0024C2E2 /* HexagonView.swift in Sources */,
				D451637228C85D3E005CC12B /* Styles.swift in Sources */,
				D4363A1728CE1A050024C2E2 /* Tab.swift in Sources */,
				D4F4818228D35BD100A47DA3 /* NavigationBar.swift in Sources */,
				D4363A1328CDF8B60024C2E2 /* BlobView.swift in Sources */,
				D4FEFA3128C4D7F3007FE79C /* ContentView.swift in Sources */,
				D4F4818828D4647100A47DA3 /* Course.swift in Sources */,
				D4FEFA2F28C4D7F3007FE79C /* FlcMapApp.swift in Sources */,
				D4F4818028D35A4300A47DA3 /* FeaturedItem.swift in Sources */,
				D4F4818428D361A900A47DA3 /* PreferenceKeys.swift in Sources */,
				D4363A1528CE0A180024C2E2 /* TabBar.swift in Sources */,
				D4F4818628D3675B00A47DA3 /* AnimatableFontModifier.swift in Sources */,
			);
			runOnlyForDeploymentPostprocessing = 0;
		};
/* End PBXSourcesBuildPhase section */

/* Begin XCBuildConfiguration section */
		D4FEFA3728C4D7F4007FE79C /* Debug */ = {
			isa = XCBuildConfiguration;
			buildSettings = {
				ALWAYS_SEARCH_USER_PATHS = NO;
				CLANG_ANALYZER_NONNULL = YES;
				CLANG_ANALYZER_NUMBER_OBJECT_CONVERSION = YES_AGGRESSIVE;
				CLANG_CXX_LANGUAGE_STANDARD = "gnu++17";
				CLANG_ENABLE_MODULES = YES;
				CLANG_ENABLE_OBJC_ARC = YES;
				CLANG_ENABLE_OBJC_WEAK = YES;
				CLANG_WARN_BLOCK_CAPTURE_AUTORELEASING = YES;
				CLANG_WARN_BOOL_CONVERSION = YES;
				CLANG_WARN_COMMA = YES;
				CLANG_WARN_CONSTANT_CONVERSION = YES;
				CLANG_WARN_DEPRECATED_OBJC_IMPLEMENTATIONS = YES;
				CLANG_WARN_DIRECT_OBJC_ISA_USAGE = YES_ERROR;
				CLANG_WARN_DOCUMENTATION_COMMENTS = YES;
				CLANG_WARN_EMPTY_BODY = YES;
				CLANG_WARN_ENUM_CONVERSION = YES;
				CLANG_WARN_INFINITE_RECURSION = YES;
				CLANG_WARN_INT_CONVERSION = YES;
				CLANG_WARN_NON_LITERAL_NULL_CONVERSION = YES;
				CLANG_WARN_OBJC_IMPLICIT_RETAIN_SELF = YES;
				CLANG_WARN_OBJC_LITERAL_CONVERSION = YES;
				CLANG_WARN_OBJC_ROOT_CLASS = YES_ERROR;
				CLANG_WARN_QUOTED_INCLUDE_IN_FRAMEWORK_HEADER = YES;
				CLANG_WARN_RANGE_LOOP_ANALYSIS = YES;
				CLANG_WARN_STRICT_PROTOTYPES = YES;
				CLANG_WARN_SUSPICIOUS_MOVE = YES;
				CLANG_WARN_UNGUARDED_AVAILABILITY = YES_AGGRESSIVE;
				CLANG_WARN_UNREACHABLE_CODE = YES;
				CLANG_WARN__DUPLICATE_METHOD_MATCH = YES;
				COPY_PHASE_STRIP = NO;
				DEBUG_INFORMATION_FORMAT = dwarf;
				ENABLE_STRICT_OBJC_MSGSEND = YES;
				ENABLE_TESTABILITY = YES;
				GCC_C_LANGUAGE_STANDARD = gnu11;
				GCC_DYNAMIC_NO_PIC = NO;
				GCC_NO_COMMON_BLOCKS = YES;
				GCC_OPTIMIZATION_LEVEL = 0;
				GCC_PREPROCESSOR_DEFINITIONS = (
					"DEBUG=1",
					"$(inherited)",
				);
				GCC_WARN_64_TO_32_BIT_CONVERSION = YES;
				GCC_WARN_ABOUT_RETURN_TYPE = YES_ERROR;
				GCC_WARN_UNDECLARED_SELECTOR = YES;
				GCC_WARN_UNINITIALIZED_AUTOS = YES_AGGRESSIVE;
				GCC_WARN_UNUSED_FUNCTION = YES;
				GCC_WARN_UNUSED_VARIABLE = YES;
				IPHONEOS_DEPLOYMENT_TARGET = 15.5;
				MTL_ENABLE_DEBUG_INFO = INCLUDE_SOURCE;
				MTL_FAST_MATH = YES;
				ONLY_ACTIVE_ARCH = YES;
				SDKROOT = iphoneos;
				SWIFT_ACTIVE_COMPILATION_CONDITIONS = DEBUG;
				SWIFT_OPTIMIZATION_LEVEL = "-Onone";
			};
			name = Debug;
		};
		D4FEFA3828C4D7F4007FE79C /* Release */ = {
			isa = XCBuildConfiguration;
			buildSettings = {
				ALWAYS_SEARCH_USER_PATHS = NO;
				CLANG_ANALYZER_NONNULL = YES;
				CLANG_ANALYZER_NUMBER_OBJECT_CONVERSION = YES_AGGRESSIVE;
				CLANG_CXX_LANGUAGE_STANDARD = "gnu++17";
				CLANG_ENABLE_MODULES = YES;
				CLANG_ENABLE_OBJC_ARC = YES;
				CLANG_ENABLE_OBJC_WEAK = YES;
				CLANG_WARN_BLOCK_CAPTURE_AUTORELEASING = YES;
				CLANG_WARN_BOOL_CONVERSION = YES;
				CLANG_WARN_COMMA = YES;
				CLANG_WARN_CONSTANT_CONVERSION = YES;
				CLANG_WARN_DEPRECATED_OBJC_IMPLEMENTATIONS = YES;
				CLANG_WARN_DIRECT_OBJC_ISA_USAGE = YES_ERROR;
				CLANG_WARN_DOCUMENTATION_COMMENTS = YES;
				CLANG_WARN_EMPTY_BODY = YES;
				CLANG_WARN_ENUM_CONVERSION = YES;
				CLANG_WARN_INFINITE_RECURSION = YES;
				CLANG_WARN_INT_CONVERSION = YES;
				CLANG_WARN_NON_LITERAL_NULL_CONVERSION = YES;
				CLANG_WARN_OBJC_IMPLICIT_RETAIN_SELF = YES;
				CLANG_WARN_OBJC_LITERAL_CONVERSION = YES;
				CLANG_WARN_OBJC_ROOT_CLASS = YES_ERROR;
				CLANG_WARN_QUOTED_INCLUDE_IN_FRAMEWORK_HEADER = YES;
				CLANG_WARN_RANGE_LOOP_ANALYSIS = YES;
				CLANG_WARN_STRICT_PROTOTYPES = YES;
				CLANG_WARN_SUSPICIOUS_MOVE = YES;
				CLANG_WARN_UNGUARDED_AVAILABILITY = YES_AGGRESSIVE;
				CLANG_WARN_UNREACHABLE_CODE = YES;
				CLANG_WARN__DUPLICATE_METHOD_MATCH = YES;
				COPY_PHASE_STRIP = NO;
				DEBUG_INFORMATION_FORMAT = "dwarf-with-dsym";
				ENABLE_NS_ASSERTIONS = NO;
				ENABLE_STRICT_OBJC_MSGSEND = YES;
				GCC_C_LANGUAGE_STANDARD = gnu11;
				GCC_NO_COMMON_BLOCKS = YES;
				GCC_WARN_64_TO_32_BIT_CONVERSION = YES;
				GCC_WARN_ABOUT_RETURN_TYPE = YES_ERROR;
				GCC_WARN_UNDECLARED_SELECTOR = YES;
				GCC_WARN_UNINITIALIZED_AUTOS = YES_AGGRESSIVE;
				GCC_WARN_UNUSED_FUNCTION = YES;
				GCC_WARN_UNUSED_VARIABLE = YES;
				IPHONEOS_DEPLOYMENT_TARGET = 15.5;
				MTL_ENABLE_DEBUG_INFO = NO;
				MTL_FAST_MATH = YES;
				SDKROOT = iphoneos;
				SWIFT_COMPILATION_MODE = wholemodule;
				SWIFT_OPTIMIZATION_LEVEL = "-O";
				VALIDATE_PRODUCT = YES;
			};
			name = Release;
		};
		D4FEFA3A28C4D7F4007FE79C /* Debug */ = {
			isa = XCBuildConfiguration;
			buildSettings = {
				ASSETCATALOG_COMPILER_APPICON_NAME = AppIcon;
				ASSETCATALOG_COMPILER_GLOBAL_ACCENT_COLOR_NAME = AccentColor;
				CODE_SIGN_STYLE = Automatic;
				CURRENT_PROJECT_VERSION = 1;
				DEVELOPMENT_ASSET_PATHS = "\"FlcMap/Preview Content\"";
				ENABLE_PREVIEWS = YES;
				GENERATE_INFOPLIST_FILE = YES;
				INFOPLIST_KEY_UIApplicationSceneManifest_Generation = YES;
				INFOPLIST_KEY_UIApplicationSupportsIndirectInputEvents = YES;
				INFOPLIST_KEY_UILaunchScreen_Generation = YES;
				INFOPLIST_KEY_UISupportedInterfaceOrientations_iPad = "UIInterfaceOrientationPortrait UIInterfaceOrientationPortraitUpsideDown UIInterfaceOrientationLandscapeLeft UIInterfaceOrientationLandscapeRight";
				INFOPLIST_KEY_UISupportedInterfaceOrientations_iPhone = "UIInterfaceOrientationPortrait UIInterfaceOrientationLandscapeLeft UIInterfaceOrientationLandscapeRight";
				LD_RUNPATH_SEARCH_PATHS = (
					"$(inherited)",
					"@executable_path/Frameworks",
				);
				MARKETING_VERSION = 1.0;
				PRODUCT_BUNDLE_IDENTIFIER = cn.ivhik.FlcMap;
				PRODUCT_NAME = "$(TARGET_NAME)";
				SWIFT_EMIT_LOC_STRINGS = YES;
				SWIFT_VERSION = 5.0;
				TARGETED_DEVICE_FAMILY = "1,2";
			};
			name = Debug;
		};
		D4FEFA3B28C4D7F4007FE79C /* Release */ = {
			isa = XCBuildConfiguration;
			buildSettings = {
				ASSETCATALOG_COMPILER_APPICON_NAME = AppIcon;
				ASSETCATALOG_COMPILER_GLOBAL_ACCENT_COLOR_NAME = AccentColor;
				CODE_SIGN_STYLE = Automatic;
				CURRENT_PROJECT_VERSION = 1;
				DEVELOPMENT_ASSET_PATHS = "\"FlcMap/Preview Content\"";
				ENABLE_PREVIEWS = YES;
				GENERATE_INFOPLIST_FILE = YES;
				INFOPLIST_KEY_UIApplicationSceneManifest_Generation = YES;
				INFOPLIST_KEY_UIApplicationSupportsIndirectInputEvents = YES;
				INFOPLIST_KEY_UILaunchScreen_Generation = YES;
				INFOPLIST_KEY_UISupportedInterfaceOrientations_iPad = "UIInterfaceOrientationPortrait UIInterfaceOrientationPortraitUpsideDown UIInterfaceOrientationLandscapeLeft UIInterfaceOrientationLandscapeRight";
				INFOPLIST_KEY_UISupportedInterfaceOrientations_iPhone = "UIInterfaceOrientationPortrait UIInterfaceOrientationLandscapeLeft UIInterfaceOrientationLandscapeRight";
				LD_RUNPATH_SEARCH_PATHS = (
					"$(inherited)",
					"@executable_path/Frameworks",
				);
				MARKETING_VERSION = 1.0;
				PRODUCT_BUNDLE_IDENTIFIER = cn.ivhik.FlcMap;
				PRODUCT_NAME = "$(TARGET_NAME)";
				SWIFT_EMIT_LOC_STRINGS = YES;
				SWIFT_VERSION = 5.0;
				TARGETED_DEVICE_FAMILY = "1,2";
			};
			name = Release;
		};
/* End XCBuildConfiguration section */

/* Begin XCConfigurationList section */
		D4FEFA2628C4D7F3007FE79C /* Build configuration list for PBXProject "FlcMap" */ = {
			isa = XCConfigurationList;
			buildConfigurations = (
				D4FEFA3728C4D7F4007FE79C /* Debug */,
				D4FEFA3828C4D7F4007FE79C /* Release */,
			);
			defaultConfigurationIsVisible = 0;
			defaultConfigurationName = Release;
		};
		D4FEFA3928C4D7F4007FE79C /* Build configuration list for PBXNativeTarget "FlcMap" */ = {
			isa = XCConfigurationList;
			buildConfigurations = (
				D4FEFA3A28C4D7F4007FE79C /* Debug */,
				D4FEFA3B28C4D7F4007FE79C /* Release */,
			);
			defaultConfigurationIsVisible = 0;
			defaultConfigurationName = Release;
		};
/* End XCConfigurationList section */
	};
	rootObject = D4FEFA2328C4D7F3007FE79C /* Project object */;
}
